# THIS IS AN AUTOGENERATED FILE. DO NOT EDIT THIS FILE DIRECTLY.
# yarn lockfile v1


mobx-miniprogram-bindings@^1.2.1:
  version "1.2.1"
  resolved "https://registry.npm.taobao.org/mobx-miniprogram-bindings/download/mobx-miniprogram-bindings-1.2.1.tgz#996c0563ba742eb5835d972bd3ef45a99af84811"
  integrity sha1-mWwFY7p0LrWDXZcr0+9FqZr4SBE=

mobx-miniprogram@^4.13.2:
  version "4.13.2"
  resolved "https://registry.npm.taobao.org/mobx-miniprogram/download/mobx-miniprogram-4.13.2.tgz#b72c03fd5ad1f1b9022c422f9c88a47d1e5f8868"
  integrity sha1-tywD/VrR8bkCLEIvnIikfR5fiGg=
